
Microsoft Visual Studio Solution File, Format Version 11.00
# Visual Studio 2010
Project("{FAE04EC0-301F-11D3-BF4B-00C04F79EFBC}") = "TMS_NEW", "Assembly-CSharp.csproj", "{F4E1190B-3E29-B019-DBEE-83EEE01E7C8C}"
EndProject
Project("{FAE04EC0-301F-11D3-BF4B-00C04F79EFBC}") = "TMS_NEW", "Assembly-CSharp-firstpass.csproj", "{AD3AF319-AACD-45E4-33D6-AB53989D36F0}"
EndProject
Project("{FAE04EC0-301F-11D3-BF4B-00C04F79EFBC}") = "TMS_NEW", "Assembly-CSharp-Editor.csproj", "{D01D05C4-BBBC-13DB-CF70-FE72A74F7052}"
EndProject
Global
	GlobalSection(SolutionConfigurationPlatforms) = preSolution
		Debug|Any CPU = Debug|Any CPU
		Release|Any CPU = Release|Any CPU
	EndGlobalSection
	GlobalSection(ProjectConfigurationPlatforms) = postSolution
		{F4E1190B-3E29-B019-DBEE-83EEE01E7C8C}.Debug|Any CPU.ActiveCfg = Debug|Any CPU
		{F4E1190B-3E29-B019-DBEE-83EEE01E7C8C}.Debug|Any CPU.Build.0 = Debug|Any CPU
		{F4E1190B-3E29-B019-DBEE-83EEE01E7C8C}.Release|Any CPU.ActiveCfg = Release|Any CPU
		{F4E1190B-3E29-B019-DBEE-83EEE01E7C8C}.Release|Any CPU.Build.0 = Release|Any CPU
		{AD3AF319-AACD-45E4-33D6-AB53989D36F0}.Debug|Any CPU.ActiveCfg = Debug|Any CPU
		{AD3AF319-AACD-45E4-33D6-AB53989D36F0}.Debug|Any CPU.Build.0 = Debug|Any CPU
		{AD3AF319-AACD-45E4-33D6-AB53989D36F0}.Release|Any CPU.ActiveCfg = Release|Any CPU
		{AD3AF319-AACD-45E4-33D6-AB53989D36F0}.Release|Any CPU.Build.0 = Release|Any CPU
		{D01D05C4-BBBC-13DB-CF70-FE72A74F7052}.Debug|Any CPU.ActiveCfg = Debug|Any CPU
		{D01D05C4-BBBC-13DB-CF70-FE72A74F7052}.Debug|Any CPU.Build.0 = Debug|Any CPU
		{D01D05C4-BBBC-13DB-CF70-FE72A74F7052}.Release|Any CPU.ActiveCfg = Release|Any CPU
		{D01D05C4-BBBC-13DB-CF70-FE72A74F7052}.Release|Any CPU.Build.0 = Release|Any CPU
	EndGlobalSection
	GlobalSection(SolutionProperties) = preSolution
		HideSolutionNode = FALSE
	EndGlobalSection
	GlobalSection(MonoDevelopProperties) = preSolution
		StartupItem = Assembly-CSharp.csproj
	EndGlobalSection
EndGlobal
